
Microsoft Visual Studio Solution File, Format Version 12.00
# Visual Studio 15
VisualStudioVersion = 15.0.27703.2018
MinimumVisualStudioVersion = 10.0.40219.1
Project("{2150E333-8FDC-42A3-9474-1A3956D46DE8}") = "test", "test", "{4CDD8C5E-35A8-4540-91DD-84EC3D2B4D5C}"
EndProject
Project("{2150E333-8FDC-42A3-9474-1A3956D46DE8}") = "dll", "dll", "{AC3639B4-C6BE-43E1-81C4-A5D4BCA6F141}"
EndProject
Project("{9A19103F-16F7-4668-BE54-9A1E7A4F7556}") = "Autin.Services", "Autin.Services\Autin.Services.csproj", "{05C135F1-5B66-4AB6-A1D9-554ACB6FB0E6}"
EndProject
Project("{FAE04EC0-301F-11D3-BF4B-00C04F79EFBC}") = "UnitTest.NetFramework", "UnitTest.NetFramework\UnitTest.NetFramework.csproj", "{8579F753-3BF1-466F-B2B4-D744A1D40AEF}"
EndProject
Project("{9A19103F-16F7-4668-BE54-9A1E7A4F7556}") = "Autin.Model", "Autin.Model\Autin.Model.csproj", "{ABE593A2-00BD-4369-A3F3-8521C0B21A22}"
EndProject
Project("{FAE04EC0-301F-11D3-BF4B-00C04F79EFBC}") = "AutinPower.WPF", "AutinPower.WPF\AutinPower.WPF.csproj", "{6C45882B-ACF8-4FCC-9EC5-AEA3B11612C8}"
EndProject
Project("{9A19103F-16F7-4668-BE54-9A1E7A4F7556}") = "Autin.Enum", "Autin.Enum\Autin.Enum.csproj", "{13EFADC5-77FD-4AF3-8C1E-D3BE0B518937}"
EndProject
Global
	GlobalSection(SolutionConfigurationPlatforms) = preSolution
		Debug|Any CPU = Debug|Any CPU
		Release|Any CPU = Release|Any CPU
	EndGlobalSection
	GlobalSection(ProjectConfigurationPlatforms) = postSolution
		{05C135F1-5B66-4AB6-A1D9-554ACB6FB0E6}.Debug|Any CPU.ActiveCfg = Debug|Any CPU
		{05C135F1-5B66-4AB6-A1D9-554ACB6FB0E6}.Debug|Any CPU.Build.0 = Debug|Any CPU
		{05C135F1-5B66-4AB6-A1D9-554ACB6FB0E6}.Release|Any CPU.ActiveCfg = Release|Any CPU
		{05C135F1-5B66-4AB6-A1D9-554ACB6FB0E6}.Release|Any CPU.Build.0 = Release|Any CPU
		{8579F753-3BF1-466F-B2B4-D744A1D40AEF}.Debug|Any CPU.ActiveCfg = Debug|Any CPU
		{8579F753-3BF1-466F-B2B4-D744A1D40AEF}.Debug|Any CPU.Build.0 = Debug|Any CPU
		{8579F753-3BF1-466F-B2B4-D744A1D40AEF}.Release|Any CPU.ActiveCfg = Release|Any CPU
		{8579F753-3BF1-466F-B2B4-D744A1D40AEF}.Release|Any CPU.Build.0 = Release|Any CPU
		{ABE593A2-00BD-4369-A3F3-8521C0B21A22}.Debug|Any CPU.ActiveCfg = Debug|Any CPU
		{ABE593A2-00BD-4369-A3F3-8521C0B21A22}.Debug|Any CPU.Build.0 = Debug|Any CPU
		{ABE593A2-00BD-4369-A3F3-8521C0B21A22}.Release|Any CPU.ActiveCfg = Release|Any CPU
		{ABE593A2-00BD-4369-A3F3-8521C0B21A22}.Release|Any CPU.Build.0 = Release|Any CPU
		{6C45882B-ACF8-4FCC-9EC5-AEA3B11612C8}.Debug|Any CPU.ActiveCfg = Debug|Any CPU
		{6C45882B-ACF8-4FCC-9EC5-AEA3B11612C8}.Debug|Any CPU.Build.0 = Debug|Any CPU
		{6C45882B-ACF8-4FCC-9EC5-AEA3B11612C8}.Release|Any CPU.ActiveCfg = Release|Any CPU
		{6C45882B-ACF8-4FCC-9EC5-AEA3B11612C8}.Release|Any CPU.Build.0 = Release|Any CPU
		{13EFADC5-77FD-4AF3-8C1E-D3BE0B518937}.Debug|Any CPU.ActiveCfg = Debug|Any CPU
		{13EFADC5-77FD-4AF3-8C1E-D3BE0B518937}.Debug|Any CPU.Build.0 = Debug|Any CPU
		{13EFADC5-77FD-4AF3-8C1E-D3BE0B518937}.Release|Any CPU.ActiveCfg = Release|Any CPU
		{13EFADC5-77FD-4AF3-8C1E-D3BE0B518937}.Release|Any CPU.Build.0 = Release|Any CPU
	EndGlobalSection
	GlobalSection(SolutionProperties) = preSolution
		HideSolutionNode = FALSE
	EndGlobalSection
	GlobalSection(NestedProjects) = preSolution
		{05C135F1-5B66-4AB6-A1D9-554ACB6FB0E6} = {AC3639B4-C6BE-43E1-81C4-A5D4BCA6F141}
		{8579F753-3BF1-466F-B2B4-D744A1D40AEF} = {4CDD8C5E-35A8-4540-91DD-84EC3D2B4D5C}
		{ABE593A2-00BD-4369-A3F3-8521C0B21A22} = {AC3639B4-C6BE-43E1-81C4-A5D4BCA6F141}
		{13EFADC5-77FD-4AF3-8C1E-D3BE0B518937} = {AC3639B4-C6BE-43E1-81C4-A5D4BCA6F141}
	EndGlobalSection
	GlobalSection(ExtensibilityGlobals) = postSolution
		SolutionGuid = {BD5625DC-C034-44D8-975E-781D0B87585C}
	EndGlobalSection
EndGlobal
